
Microsoft Visual Studio Solution File, Format Version 12.00
# Visual Studio Version 17
VisualStudioVersion = 17.7.34024.191
MinimumVisualStudioVersion = 10.0.40219.1
Project("{FAE04EC0-301F-11D3-BF4B-00C04F79EFBC}") = "bank", "bank\bank.csproj", "{0ADAE625-5E35-4BB7-A6D5-756178E0E818}"
EndProject
Project("{FAE04EC0-301F-11D3-BF4B-00C04F79EFBC}") = "BankTest", "Unitbank\BankTest.csproj", "{473F2F88-30C6-4021-9309-4830456F49B6}"
EndProject
Global
	GlobalSection(SolutionConfigurationPlatforms) = preSolution
		Debug|Any CPU = Debug|Any CPU
		Release|Any CPU = Release|Any CPU
	EndGlobalSection
	GlobalSection(ProjectConfigurationPlatforms) = postSolution
		{0ADAE625-5E35-4BB7-A6D5-756178E0E818}.Debug|Any CPU.ActiveCfg = Debug|Any CPU
		{0ADAE625-5E35-4BB7-A6D5-756178E0E818}.Debug|Any CPU.Build.0 = Debug|Any CPU
		{0ADAE625-5E35-4BB7-A6D5-756178E0E818}.Release|Any CPU.ActiveCfg = Release|Any CPU
		{0ADAE625-5E35-4BB7-A6D5-756178E0E818}.Release|Any CPU.Build.0 = Release|Any CPU
		{473F2F88-30C6-4021-9309-4830456F49B6}.Debug|Any CPU.ActiveCfg = Debug|Any CPU
		{473F2F88-30C6-4021-9309-4830456F49B6}.Debug|Any CPU.Build.0 = Debug|Any CPU
		{473F2F88-30C6-4021-9309-4830456F49B6}.Release|Any CPU.ActiveCfg = Release|Any CPU
		{473F2F88-30C6-4021-9309-4830456F49B6}.Release|Any CPU.Build.0 = Release|Any CPU
	EndGlobalSection
	GlobalSection(SolutionProperties) = preSolution
		HideSolutionNode = FALSE
	EndGlobalSection
	GlobalSection(ExtensibilityGlobals) = postSolution
		SolutionGuid = {AB8B1B48-F4BC-4DF7-89E7-25C91D7D590B}
	EndGlobalSection
EndGlobal
